
Microsoft Visual Studio Solution File, Format Version 12.00
# Visual Studio Version 16
VisualStudioVersion = 16.0.33529.622
MinimumVisualStudioVersion = 10.0.40219.1
Project("{FAE04EC0-301F-11D3-BF4B-00C04F79EFBC}") = "WebApp", "WebApp\WebApp.csproj", "{7B59C30A-6CEA-462D-9A57-CB6D81265D14}"
EndProject
Global
	GlobalSection(SolutionConfigurationPlatforms) = preSolution
		Debug|Any CPU = Debug|Any CPU
		Release|Any CPU = Release|Any CPU
	EndGlobalSection
	GlobalSection(ProjectConfigurationPlatforms) = postSolution
		{7B59C30A-6CEA-462D-9A57-CB6D81265D14}.Debug|Any CPU.ActiveCfg = Debug|Any CPU
		{7B59C30A-6CEA-462D-9A57-CB6D81265D14}.Debug|Any CPU.Build.0 = Debug|Any CPU
		{7B59C30A-6CEA-462D-9A57-CB6D81265D14}.Release|Any CPU.ActiveCfg = Release|Any CPU
		{7B59C30A-6CEA-462D-9A57-CB6D81265D14}.Release|Any CPU.Build.0 = Release|Any CPU
	EndGlobalSection
	GlobalSection(SolutionProperties) = preSolution
		HideSolutionNode = FALSE
	EndGlobalSection
	GlobalSection(ExtensibilityGlobals) = postSolution
		SolutionGuid = {E3F29DA2-A299-42CD-A47D-4616A791191B}
	EndGlobalSection
EndGlobal
